// !$*UTF8*$!
{
	archiveVersion = 1;
	classes = {
	};
	objectVersion = 46;
	objects = {

/* Begin PBXBuildFile section */
		7907BA081AF443870032DB0E /* AppDelegate.swift in Sources */ = {isa = PBXBuildFile; fileRef = 7907BA071AF443870032DB0E /* AppDelegate.swift */; };
		7907BA0A1AF443870032DB0E /* ViewController.swift in Sources */ = {isa = PBXBuildFile; fileRef = 7907BA091AF443870032DB0E /* ViewController.swift */; };
		7907BA0D1AF443870032DB0E /* Main.storyboard in Resources */ = {isa = PBXBuildFile; fileRef = 7907BA0B1AF443870032DB0E /* Main.storyboard */; };
		7907BA0F1AF443870032DB0E /* Images.xcassets in Resources */ = {isa = PBXBuildFile; fileRef = 7907BA0E1AF443870032DB0E /* Images.xcassets */; };
		7907BA121AF443870032DB0E /* LaunchScreen.xib in Resources */ = {isa = PBXBuildFile; fileRef = 7907BA101AF443870032DB0E /* LaunchScreen.xib */; };
		7907BA1E1AF443870032DB0E /* SampleAppSwiftTests.swift in Sources */ = {isa = PBXBuildFile; fileRef = 7907BA1D1AF443870032DB0E /* SampleAppSwiftTests.swift */; };
		7907BA4B1AF4459D0032DB0E /* CoreLocation.framework in Frameworks */ = {isa = PBXBuildFile; fileRef = 7907BA4A1AF4459D0032DB0E /* CoreLocation.framework */; };
		7907BA4D1AF445AB0032DB0E /* libxml2.dylib in Frameworks */ = {isa = PBXBuildFile; fileRef = 7907BA4C1AF445AB0032DB0E /* libxml2.dylib */; };
		7907BA4F1AF445B60032DB0E /* CFNetwork.framework in Frameworks */ = {isa = PBXBuildFile; fileRef = 7907BA4E1AF445B60032DB0E /* CFNetwork.framework */; };
		7907BA511AF445C00032DB0E /* CoreTelephony.framework in Frameworks */ = {isa = PBXBuildFile; fileRef = 7907BA501AF445C00032DB0E /* CoreTelephony.framework */; };
		7907BA531AF445CA0032DB0E /* AdSupport.framework in Frameworks */ = {isa = PBXBuildFile; fileRef = 7907BA521AF445CA0032DB0E /* AdSupport.framework */; };
		7907BA551AF445D40032DB0E /* SystemConfiguration.framework in Frameworks */ = {isa = PBXBuildFile; fileRef = 7907BA541AF445D40032DB0E /* SystemConfiguration.framework */; };
		79CAC86A1AF44F9800A67A69 /* libreach.a in Frameworks */ = {isa = PBXBuildFile; fileRef = 79CAC8641AF44F9800A67A69 /* libreach.a */; };
		79CAC86B1AF44F9800A67A69 /* AEDefaultAnnouncementView.xib in Resources */ = {isa = PBXBuildFile; fileRef = 79CAC8661AF44F9800A67A69 /* AEDefaultAnnouncementView.xib */; };
		79CAC86C1AF44F9800A67A69 /* AEDefaultPollView.xib in Resources */ = {isa = PBXBuildFile; fileRef = 79CAC8671AF44F9800A67A69 /* AEDefaultPollView.xib */; };
		79CAC86D1AF44F9800A67A69 /* AENotificationView.xib in Resources */ = {isa = PBXBuildFile; fileRef = 79CAC8681AF44F9800A67A69 /* AENotificationView.xib */; };
		79CAC86E1AF44F9800A67A69 /* close.png in Resources */ = {isa = PBXBuildFile; fileRef = 79CAC8691AF44F9800A67A69 /* close.png */; };
		79CAC87C1AF44FAA00A67A69 /* AEIdfaProvider.m in Sources */ = {isa = PBXBuildFile; fileRef = 79CAC8721AF44FAA00A67A69 /* AEIdfaProvider.m */; };
		79CAC87D1AF44FAA00A67A69 /* libengagement.a in Frameworks */ = {isa = PBXBuildFile; fileRef = 79CAC87B1AF44FAA00A67A69 /* libengagement.a */; };
/* End PBXBuildFile section */

/* Begin PBXContainerItemProxy section */
		7907BA181AF443870032DB0E /* PBXContainerItemProxy */ = {
			isa = PBXContainerItemProxy;
			containerPortal = 7907B9FA1AF443870032DB0E /* Project object */;
			proxyType = 1;
			remoteGlobalIDString = 7907BA011AF443870032DB0E;
			remoteInfo = SampleAppSwift;
		};
/* End PBXContainerItemProxy section */

/* Begin PBXFileReference section */
		7907BA021AF443870032DB0E /* SampleAppSwift.app */ = {isa = PBXFileReference; explicitFileType = wrapper.application; includeInIndex = 0; path = SampleAppSwift.app; sourceTree = BUILT_PRODUCTS_DIR; };
		7907BA061AF443870032DB0E /* Info.plist */ = {isa = PBXFileReference; lastKnownFileType = text.plist.xml; path = Info.plist; sourceTree = "<group>"; };
		7907BA071AF443870032DB0E /* AppDelegate.swift */ = {isa = PBXFileReference; lastKnownFileType = sourcecode.swift; path = AppDelegate.swift; sourceTree = "<group>"; };
		7907BA091AF443870032DB0E /* ViewController.swift */ = {isa = PBXFileReference; lastKnownFileType = sourcecode.swift; path = ViewController.swift; sourceTree = "<group>"; };
		7907BA0C1AF443870032DB0E /* Base */ = {isa = PBXFileReference; lastKnownFileType = file.storyboard; name = Base; path = Base.lproj/Main.storyboard; sourceTree = "<group>"; };
		7907BA0E1AF443870032DB0E /* Images.xcassets */ = {isa = PBXFileReference; lastKnownFileType = folder.assetcatalog; path = Images.xcassets; sourceTree = "<group>"; };
		7907BA111AF443870032DB0E /* Base */ = {isa = PBXFileReference; lastKnownFileType = file.xib; name = Base; path = Base.lproj/LaunchScreen.xib; sourceTree = "<group>"; };
		7907BA171AF443870032DB0E /* SampleAppSwiftTests.xctest */ = {isa = PBXFileReference; explicitFileType = wrapper.cfbundle; includeInIndex = 0; path = SampleAppSwiftTests.xctest; sourceTree = BUILT_PRODUCTS_DIR; };
		7907BA1C1AF443870032DB0E /* Info.plist */ = {isa = PBXFileReference; lastKnownFileType = text.plist.xml; path = Info.plist; sourceTree = "<group>"; };
		7907BA1D1AF443870032DB0E /* SampleAppSwiftTests.swift */ = {isa = PBXFileReference; lastKnownFileType = sourcecode.swift; path = SampleAppSwiftTests.swift; sourceTree = "<group>"; };
		7907BA4A1AF4459D0032DB0E /* CoreLocation.framework */ = {isa = PBXFileReference; lastKnownFileType = wrapper.framework; name = CoreLocation.framework; path = System/Library/Frameworks/CoreLocation.framework; sourceTree = SDKROOT; };
		7907BA4C1AF445AB0032DB0E /* libxml2.dylib */ = {isa = PBXFileReference; lastKnownFileType = "compiled.mach-o.dylib"; name = libxml2.dylib; path = usr/lib/libxml2.dylib; sourceTree = SDKROOT; };
		7907BA4E1AF445B60032DB0E /* CFNetwork.framework */ = {isa = PBXFileReference; lastKnownFileType = wrapper.framework; name = CFNetwork.framework; path = System/Library/Frameworks/CFNetwork.framework; sourceTree = SDKROOT; };
		7907BA501AF445C00032DB0E /* CoreTelephony.framework */ = {isa = PBXFileReference; lastKnownFileType = wrapper.framework; name = CoreTelephony.framework; path = System/Library/Frameworks/CoreTelephony.framework; sourceTree = SDKROOT; };
		7907BA521AF445CA0032DB0E /* AdSupport.framework */ = {isa = PBXFileReference; lastKnownFileType = wrapper.framework; name = AdSupport.framework; path = System/Library/Frameworks/AdSupport.framework; sourceTree = SDKROOT; };
		7907BA541AF445D40032DB0E /* SystemConfiguration.framework */ = {isa = PBXFileReference; lastKnownFileType = wrapper.framework; name = SystemConfiguration.framework; path = System/Library/Frameworks/SystemConfiguration.framework; sourceTree = SDKROOT; };
		7907BA651AF446260032DB0E /* Header.h */ = {isa = PBXFileReference; lastKnownFileType = sourcecode.c.h; path = Header.h; sourceTree = "<group>"; };
		79CAC84E1AF44F9800A67A69 /* AE_TBXML.h */ = {isa = PBXFileReference; fileEncoding = 4; lastKnownFileType = sourcecode.c.h; path = AE_TBXML.h; sourceTree = "<group>"; };
		79CAC84F1AF44F9800A67A69 /* AEAnnouncementViewController.h */ = {isa = PBXFileReference; fileEncoding = 4; lastKnownFileType = sourcecode.c.h; path = AEAnnouncementViewController.h; sourceTree = "<group>"; };
		79CAC8501AF44F9800A67A69 /* AEAutorotateView.h */ = {isa = PBXFileReference; fileEncoding = 4; lastKnownFileType = sourcecode.c.h; path = AEAutorotateView.h; sourceTree = "<group>"; };
		79CAC8511AF44F9800A67A69 /* AEContentViewController.h */ = {isa = PBXFileReference; fileEncoding = 4; lastKnownFileType = sourcecode.c.h; path = AEContentViewController.h; sourceTree = "<group>"; };
		79CAC8521AF44F9800A67A69 /* AEDefaultAnnouncementViewController.h */ = {isa = PBXFileReference; fileEncoding = 4; lastKnownFileType = sourcecode.c.h; path = AEDefaultAnnouncementViewController.h; sourceTree = "<group>"; };
		79CAC8531AF44F9800A67A69 /* AEDefaultNotifier.h */ = {isa = PBXFileReference; fileEncoding = 4; lastKnownFileType = sourcecode.c.h; path = AEDefaultNotifier.h; sourceTree = "<group>"; };
		79CAC8541AF44F9800A67A69 /* AEDefaultPollViewController.h */ = {isa = PBXFileReference; fileEncoding = 4; lastKnownFileType = sourcecode.c.h; path = AEDefaultPollViewController.h; sourceTree = "<group>"; };
		79CAC8551AF44F9800A67A69 /* AEInteractiveContent.h */ = {isa = PBXFileReference; fileEncoding = 4; lastKnownFileType = sourcecode.c.h; path = AEInteractiveContent.h; sourceTree = "<group>"; };
		79CAC8561AF44F9800A67A69 /* AENotificationView.h */ = {isa = PBXFileReference; fileEncoding = 4; lastKnownFileType = sourcecode.c.h; path = AENotificationView.h; sourceTree = "<group>"; };
		79CAC8571AF44F9800A67A69 /* AENotifier.h */ = {isa = PBXFileReference; fileEncoding = 4; lastKnownFileType = sourcecode.c.h; path = AENotifier.h; sourceTree = "<group>"; };
		79CAC8581AF44F9800A67A69 /* AEPollViewController.h */ = {isa = PBXFileReference; fileEncoding = 4; lastKnownFileType = sourcecode.c.h; path = AEPollViewController.h; sourceTree = "<group>"; };
		79CAC8591AF44F9800A67A69 /* AEReachAbstractAnnouncement.h */ = {isa = PBXFileReference; fileEncoding = 4; lastKnownFileType = sourcecode.c.h; path = AEReachAbstractAnnouncement.h; sourceTree = "<group>"; };
		79CAC85A1AF44F9800A67A69 /* AEReachAnnouncement.h */ = {isa = PBXFileReference; fileEncoding = 4; lastKnownFileType = sourcecode.c.h; path = AEReachAnnouncement.h; sourceTree = "<group>"; };
		79CAC85B1AF44F9800A67A69 /* AEReachContent.h */ = {isa = PBXFileReference; fileEncoding = 4; lastKnownFileType = sourcecode.c.h; path = AEReachContent.h; sourceTree = "<group>"; };
		79CAC85C1AF44F9800A67A69 /* AEReachDataPush.h */ = {isa = PBXFileReference; fileEncoding = 4; lastKnownFileType = sourcecode.c.h; path = AEReachDataPush.h; sourceTree = "<group>"; };
		79CAC85D1AF44F9800A67A69 /* AEReachDataPushDelegate.h */ = {isa = PBXFileReference; fileEncoding = 4; lastKnownFileType = sourcecode.c.h; path = AEReachDataPushDelegate.h; sourceTree = "<group>"; };
		79CAC85E1AF44F9800A67A69 /* AEReachModule.h */ = {isa = PBXFileReference; fileEncoding = 4; lastKnownFileType = sourcecode.c.h; path = AEReachModule.h; sourceTree = "<group>"; };
		79CAC85F1AF44F9800A67A69 /* AEReachNotifAnnouncement.h */ = {isa = PBXFileReference; fileEncoding = 4; lastKnownFileType = sourcecode.c.h; path = AEReachNotifAnnouncement.h; sourceTree = "<group>"; };
		79CAC8601AF44F9800A67A69 /* AEReachPoll.h */ = {isa = PBXFileReference; fileEncoding = 4; lastKnownFileType = sourcecode.c.h; path = AEReachPoll.h; sourceTree = "<group>"; };
		79CAC8611AF44F9800A67A69 /* AEReachPollQuestion.h */ = {isa = PBXFileReference; fileEncoding = 4; lastKnownFileType = sourcecode.c.h; path = AEReachPollQuestion.h; sourceTree = "<group>"; };
		79CAC8621AF44F9800A67A69 /* AEViewControllerUtil.h */ = {isa = PBXFileReference; fileEncoding = 4; lastKnownFileType = sourcecode.c.h; path = AEViewControllerUtil.h; sourceTree = "<group>"; };
		79CAC8631AF44F9800A67A69 /* AEWebAnnouncementJsBridge.h */ = {isa = PBXFileReference; fileEncoding = 4; lastKnownFileType = sourcecode.c.h; path = AEWebAnnouncementJsBridge.h; sourceTree = "<group>"; };
		79CAC8641AF44F9800A67A69 /* libreach.a */ = {isa = PBXFileReference; lastKnownFileType = archive.ar; path = libreach.a; sourceTree = "<group>"; };
		79CAC8661AF44F9800A67A69 /* AEDefaultAnnouncementView.xib */ = {isa = PBXFileReference; fileEncoding = 4; lastKnownFileType = file.xib; path = AEDefaultAnnouncementView.xib; sourceTree = "<group>"; };
		79CAC8671AF44F9800A67A69 /* AEDefaultPollView.xib */ = {isa = PBXFileReference; fileEncoding = 4; lastKnownFileType = file.xib; path = AEDefaultPollView.xib; sourceTree = "<group>"; };
		79CAC8681AF44F9800A67A69 /* AENotificationView.xib */ = {isa = PBXFileReference; fileEncoding = 4; lastKnownFileType = file.xib; path = AENotificationView.xib; sourceTree = "<group>"; };
		79CAC8691AF44F9800A67A69 /* close.png */ = {isa = PBXFileReference; lastKnownFileType = image.png; path = close.png; sourceTree = "<group>"; };
		79CAC8711AF44FAA00A67A69 /* AEIdfaProvider.h */ = {isa = PBXFileReference; fileEncoding = 4; lastKnownFileType = sourcecode.c.h; path = AEIdfaProvider.h; sourceTree = "<group>"; };
		79CAC8721AF44FAA00A67A69 /* AEIdfaProvider.m */ = {isa = PBXFileReference; fileEncoding = 4; lastKnownFileType = sourcecode.c.objc; path = AEIdfaProvider.m; sourceTree = "<group>"; };
		79CAC8741AF44FAA00A67A69 /* AEModule.h */ = {isa = PBXFileReference; fileEncoding = 4; lastKnownFileType = sourcecode.c.h; path = AEModule.h; sourceTree = "<group>"; };
		79CAC8751AF44FAA00A67A69 /* AEPushDelegate.h */ = {isa = PBXFileReference; fileEncoding = 4; lastKnownFileType = sourcecode.c.h; path = AEPushDelegate.h; sourceTree = "<group>"; };
		79CAC8761AF44FAA00A67A69 /* AEPushMessage.h */ = {isa = PBXFileReference; fileEncoding = 4; lastKnownFileType = sourcecode.c.h; path = AEPushMessage.h; sourceTree = "<group>"; };
		79CAC8771AF44FAA00A67A69 /* AEStorage.h */ = {isa = PBXFileReference; fileEncoding = 4; lastKnownFileType = sourcecode.c.h; path = AEStorage.h; sourceTree = "<group>"; };
		79CAC8781AF44FAA00A67A69 /* EngagementAgent.h */ = {isa = PBXFileReference; fileEncoding = 4; lastKnownFileType = sourcecode.c.h; path = EngagementAgent.h; sourceTree = "<group>"; };
		79CAC8791AF44FAA00A67A69 /* EngagementTableViewController.h */ = {isa = PBXFileReference; fileEncoding = 4; lastKnownFileType = sourcecode.c.h; path = EngagementTableViewController.h; sourceTree = "<group>"; };
		79CAC87A1AF44FAA00A67A69 /* EngagementViewController.h */ = {isa = PBXFileReference; fileEncoding = 4; lastKnownFileType = sourcecode.c.h; path = EngagementViewController.h; sourceTree = "<group>"; };
		79CAC87B1AF44FAA00A67A69 /* libengagement.a */ = {isa = PBXFileReference; lastKnownFileType = archive.ar; path = libengagement.a; sourceTree = "<group>"; };
/* End PBXFileReference section */

/* Begin PBXFrameworksBuildPhase section */
		7907B9FF1AF443870032DB0E /* Frameworks */ = {
			isa = PBXFrameworksBuildPhase;
			buildActionMask = 2147483647;
			files = (
				79CAC87D1AF44FAA00A67A69 /* libengagement.a in Frameworks */,
				7907BA551AF445D40032DB0E /* SystemConfiguration.framework in Frameworks */,
				7907BA531AF445CA0032DB0E /* AdSupport.framework in Frameworks */,
				7907BA511AF445C00032DB0E /* CoreTelephony.framework in Frameworks */,
				7907BA4F1AF445B60032DB0E /* CFNetwork.framework in Frameworks */,
				79CAC86A1AF44F9800A67A69 /* libreach.a in Frameworks */,
				7907BA4D1AF445AB0032DB0E /* libxml2.dylib in Frameworks */,
				7907BA4B1AF4459D0032DB0E /* CoreLocation.framework in Frameworks */,
			);
			runOnlyForDeploymentPostprocessing = 0;
		};
		7907BA141AF443870032DB0E /* Frameworks */ = {
			isa = PBXFrameworksBuildPhase;
			buildActionMask = 2147483647;
			files = (
			);
			runOnlyForDeploymentPostprocessing = 0;
		};
/* End PBXFrameworksBuildPhase section */

/* Begin PBXGroup section */
		7907B9F91AF443870032DB0E = {
			isa = PBXGroup;
			children = (
				79CAC86F1AF44FAA00A67A69 /* EngagementSDK */,
				79CAC84C1AF44F9800A67A69 /* EngagementReach */,
				7907BA651AF446260032DB0E /* Header.h */,
				7907BA541AF445D40032DB0E /* SystemConfiguration.framework */,
				7907BA521AF445CA0032DB0E /* AdSupport.framework */,
				7907BA501AF445C00032DB0E /* CoreTelephony.framework */,
				7907BA4E1AF445B60032DB0E /* CFNetwork.framework */,
				7907BA4C1AF445AB0032DB0E /* libxml2.dylib */,
				7907BA4A1AF4459D0032DB0E /* CoreLocation.framework */,
				7907BA041AF443870032DB0E /* SampleAppSwift */,
				7907BA1A1AF443870032DB0E /* SampleAppSwiftTests */,
				7907BA031AF443870032DB0E /* Products */,
			);
			sourceTree = "<group>";
		};
		7907BA031AF443870032DB0E /* Products */ = {
			isa = PBXGroup;
			children = (
				7907BA021AF443870032DB0E /* SampleAppSwift.app */,
				7907BA171AF443870032DB0E /* SampleAppSwiftTests.xctest */,
			);
			name = Products;
			sourceTree = "<group>";
		};
		7907BA041AF443870032DB0E /* SampleAppSwift */ = {
			isa = PBXGroup;
			children = (
				7907BA071AF443870032DB0E /* AppDelegate.swift */,
				7907BA091AF443870032DB0E /* ViewController.swift */,
				7907BA0B1AF443870032DB0E /* Main.storyboard */,
				7907BA0E1AF443870032DB0E /* Images.xcassets */,
				7907BA101AF443870032DB0E /* LaunchScreen.xib */,
				7907BA051AF443870032DB0E /* Supporting Files */,
			);
			path = SampleAppSwift;
			sourceTree = "<group>";
		};
		7907BA051AF443870032DB0E /* Supporting Files */ = {
			isa = PBXGroup;
			children = (
				7907BA061AF443870032DB0E /* Info.plist */,
			);
			name = "Supporting Files";
			sourceTree = "<group>";
		};
		7907BA1A1AF443870032DB0E /* SampleAppSwiftTests */ = {
			isa = PBXGroup;
			children = (
				7907BA1D1AF443870032DB0E /* SampleAppSwiftTests.swift */,
				7907BA1B1AF443870032DB0E /* Supporting Files */,
			);
			path = SampleAppSwiftTests;
			sourceTree = "<group>";
		};
		7907BA1B1AF443870032DB0E /* Supporting Files */ = {
			isa = PBXGroup;
			children = (
				7907BA1C1AF443870032DB0E /* Info.plist */,
			);
			name = "Supporting Files";
			sourceTree = "<group>";
		};
		79CAC84C1AF44F9800A67A69 /* EngagementReach */ = {
			isa = PBXGroup;
			children = (
				79CAC84D1AF44F9800A67A69 /* Headers */,
				79CAC8641AF44F9800A67A69 /* libreach.a */,
				79CAC8651AF44F9800A67A69 /* res */,
			);
			path = EngagementReach;
			sourceTree = "<group>";
		};
		79CAC84D1AF44F9800A67A69 /* Headers */ = {
			isa = PBXGroup;
			children = (
				79CAC84E1AF44F9800A67A69 /* AE_TBXML.h */,
				79CAC84F1AF44F9800A67A69 /* AEAnnouncementViewController.h */,
				79CAC8501AF44F9800A67A69 /* AEAutorotateView.h */,
				79CAC8511AF44F9800A67A69 /* AEContentViewController.h */,
				79CAC8521AF44F9800A67A69 /* AEDefaultAnnouncementViewController.h */,
				79CAC8531AF44F9800A67A69 /* AEDefaultNotifier.h */,
				79CAC8541AF44F9800A67A69 /* AEDefaultPollViewController.h */,
				79CAC8551AF44F9800A67A69 /* AEInteractiveContent.h */,
				79CAC8561AF44F9800A67A69 /* AENotificationView.h */,
				79CAC8571AF44F9800A67A69 /* AENotifier.h */,
				79CAC8581AF44F9800A67A69 /* AEPollViewController.h */,
				79CAC8591AF44F9800A67A69 /* AEReachAbstractAnnouncement.h */,
				79CAC85A1AF44F9800A67A69 /* AEReachAnnouncement.h */,
				79CAC85B1AF44F9800A67A69 /* AEReachContent.h */,
				79CAC85C1AF44F9800A67A69 /* AEReachDataPush.h */,
				79CAC85D1AF44F9800A67A69 /* AEReachDataPushDelegate.h */,
				79CAC85E1AF44F9800A67A69 /* AEReachModule.h */,
				79CAC85F1AF44F9800A67A69 /* AEReachNotifAnnouncement.h */,
				79CAC8601AF44F9800A67A69 /* AEReachPoll.h */,
				79CAC8611AF44F9800A67A69 /* AEReachPollQuestion.h */,
				79CAC8621AF44F9800A67A69 /* AEViewControllerUtil.h */,
				79CAC8631AF44F9800A67A69 /* AEWebAnnouncementJsBridge.h */,
			);
			path = Headers;
			sourceTree = "<group>";
		};
		79CAC8651AF44F9800A67A69 /* res */ = {
			isa = PBXGroup;
			children = (
				79CAC8661AF44F9800A67A69 /* AEDefaultAnnouncementView.xib */,
				79CAC8671AF44F9800A67A69 /* AEDefaultPollView.xib */,
				79CAC8681AF44F9800A67A69 /* AENotificationView.xib */,
				79CAC8691AF44F9800A67A69 /* close.png */,
			);
			path = res;
			sourceTree = "<group>";
		};
		79CAC86F1AF44FAA00A67A69 /* EngagementSDK */ = {
			isa = PBXGroup;
			children = (
				79CAC8701AF44FAA00A67A69 /* Classes */,
				79CAC8731AF44FAA00A67A69 /* Headers */,
				79CAC87B1AF44FAA00A67A69 /* libengagement.a */,
			);
			path = EngagementSDK;
			sourceTree = "<group>";
		};
		79CAC8701AF44FAA00A67A69 /* Classes */ = {
			isa = PBXGroup;
			children = (
				79CAC8711AF44FAA00A67A69 /* AEIdfaProvider.h */,
				79CAC8721AF44FAA00A67A69 /* AEIdfaProvider.m */,
			);
			path = Classes;
			sourceTree = "<group>";
		};
		79CAC8731AF44FAA00A67A69 /* Headers */ = {
			isa = PBXGroup;
			children = (
				79CAC8741AF44FAA00A67A69 /* AEModule.h */,
				79CAC8751AF44FAA00A67A69 /* AEPushDelegate.h */,
				79CAC8761AF44FAA00A67A69 /* AEPushMessage.h */,
				79CAC8771AF44FAA00A67A69 /* AEStorage.h */,
				79CAC8781AF44FAA00A67A69 /* EngagementAgent.h */,
				79CAC8791AF44FAA00A67A69 /* EngagementTableViewController.h */,
				79CAC87A1AF44FAA00A67A69 /* EngagementViewController.h */,
			);
			path = Headers;
			sourceTree = "<group>";
		};
/* End PBXGroup section */

/* Begin PBXNativeTarget section */
		7907BA011AF443870032DB0E /* SampleAppSwift */ = {
			isa = PBXNativeTarget;
			buildConfigurationList = 7907BA211AF443870032DB0E /* Build configuration list for PBXNativeTarget "SampleAppSwift" */;
			buildPhases = (
				7907B9FE1AF443870032DB0E /* Sources */,
				7907B9FF1AF443870032DB0E /* Frameworks */,
				7907BA001AF443870032DB0E /* Resources */,
			);
			buildRules = (
			);
			dependencies = (
			);
			name = SampleAppSwift;
			productName = SampleAppSwift;
			productReference = 7907BA021AF443870032DB0E /* SampleAppSwift.app */;
			productType = "com.apple.product-type.application";
		};
		7907BA161AF443870032DB0E /* SampleAppSwiftTests */ = {
			isa = PBXNativeTarget;
			buildConfigurationList = 7907BA241AF443870032DB0E /* Build configuration list for PBXNativeTarget "SampleAppSwiftTests" */;
			buildPhases = (
				7907BA131AF443870032DB0E /* Sources */,
				7907BA141AF443870032DB0E /* Frameworks */,
				7907BA151AF443870032DB0E /* Resources */,
			);
			buildRules = (
			);
			dependencies = (
				7907BA191AF443870032DB0E /* PBXTargetDependency */,
			);
			name = SampleAppSwiftTests;
			productName = SampleAppSwiftTests;
			productReference = 7907BA171AF443870032DB0E /* SampleAppSwiftTests.xctest */;
			productType = "com.apple.product-type.bundle.unit-test";
		};
/* End PBXNativeTarget section */

/* Begin PBXProject section */
		7907B9FA1AF443870032DB0E /* Project object */ = {
			isa = PBXProject;
			attributes = {
				LastUpgradeCheck = 0630;
				ORGANIZATIONNAME = AzME;
				TargetAttributes = {
					7907BA011AF443870032DB0E = {
						CreatedOnToolsVersion = 6.3.1;
					};
					7907BA161AF443870032DB0E = {
						CreatedOnToolsVersion = 6.3.1;
						TestTargetID = 7907BA011AF443870032DB0E;
					};
				};
			};
			buildConfigurationList = 7907B9FD1AF443870032DB0E /* Build configuration list for PBXProject "SampleAppSwift" */;
			compatibilityVersion = "Xcode 3.2";
			developmentRegion = English;
			hasScannedForEncodings = 0;
			knownRegions = (
				en,
				Base,
			);
			mainGroup = 7907B9F91AF443870032DB0E;
			productRefGroup = 7907BA031AF443870032DB0E /* Products */;
			projectDirPath = "";
			projectRoot = "";
			targets = (
				7907BA011AF443870032DB0E /* SampleAppSwift */,
				7907BA161AF443870032DB0E /* SampleAppSwiftTests */,
			);
		};
/* End PBXProject section */

/* Begin PBXResourcesBuildPhase section */
		7907BA001AF443870032DB0E /* Resources */ = {
			isa = PBXResourcesBuildPhase;
			buildActionMask = 2147483647;
			files = (
				7907BA0D1AF443870032DB0E /* Main.storyboard in Resources */,
				7907BA121AF443870032DB0E /* LaunchScreen.xib in Resources */,
				7907BA0F1AF443870032DB0E /* Images.xcassets in Resources */,
				79CAC86C1AF44F9800A67A69 /* AEDefaultPollView.xib in Resources */,
				79CAC86E1AF44F9800A67A69 /* close.png in Resources */,
				79CAC86B1AF44F9800A67A69 /* AEDefaultAnnouncementView.xib in Resources */,
				79CAC86D1AF44F9800A67A69 /* AENotificationView.xib in Resources */,
			);
			runOnlyForDeploymentPostprocessing = 0;
		};
		7907BA151AF443870032DB0E /* Resources */ = {
			isa = PBXResourcesBuildPhase;
			buildActionMask = 2147483647;
			files = (
			);
			runOnlyForDeploymentPostprocessing = 0;
		};
/* End PBXResourcesBuildPhase section */

/* Begin PBXSourcesBuildPhase section */
		7907B9FE1AF443870032DB0E /* Sources */ = {
			isa = PBXSourcesBuildPhase;
			buildActionMask = 2147483647;
			files = (
				79CAC87C1AF44FAA00A67A69 /* AEIdfaProvider.m in Sources */,
				7907BA0A1AF443870032DB0E /* ViewController.swift in Sources */,
				7907BA081AF443870032DB0E /* AppDelegate.swift in Sources */,
			);
			runOnlyForDeploymentPostprocessing = 0;
		};
		7907BA131AF443870032DB0E /* Sources */ = {
			isa = PBXSourcesBuildPhase;
			buildActionMask = 2147483647;
			files = (
				7907BA1E1AF443870032DB0E /* SampleAppSwiftTests.swift in Sources */,
			);
			runOnlyForDeploymentPostprocessing = 0;
		};
/* End PBXSourcesBuildPhase section */

/* Begin PBXTargetDependency section */
		7907BA191AF443870032DB0E /* PBXTargetDependency */ = {
			isa = PBXTargetDependency;
			target = 7907BA011AF443870032DB0E /* SampleAppSwift */;
			targetProxy = 7907BA181AF443870032DB0E /* PBXContainerItemProxy */;
		};
/* End PBXTargetDependency section */

/* Begin PBXVariantGroup section */
		7907BA0B1AF443870032DB0E /* Main.storyboard */ = {
			isa = PBXVariantGroup;
			children = (
				7907BA0C1AF443870032DB0E /* Base */,
			);
			name = Main.storyboard;
			sourceTree = "<group>";
		};
		7907BA101AF443870032DB0E /* LaunchScreen.xib */ = {
			isa = PBXVariantGroup;
			children = (
				7907BA111AF443870032DB0E /* Base */,
			);
			name = LaunchScreen.xib;
			sourceTree = "<group>";
		};
/* End PBXVariantGroup section */

/* Begin XCBuildConfiguration section */
		7907BA1F1AF443870032DB0E /* Debug */ = {
			isa = XCBuildConfiguration;
			buildSettings = {
				ALWAYS_SEARCH_USER_PATHS = NO;
				CLANG_CXX_LANGUAGE_STANDARD = "gnu++0x";
				CLANG_CXX_LIBRARY = "libc++";
				CLANG_ENABLE_MODULES = YES;
				CLANG_ENABLE_OBJC_ARC = YES;
				CLANG_WARN_BOOL_CONVERSION = YES;
				CLANG_WARN_CONSTANT_CONVERSION = YES;
				CLANG_WARN_DIRECT_OBJC_ISA_USAGE = YES_ERROR;
				CLANG_WARN_EMPTY_BODY = YES;
				CLANG_WARN_ENUM_CONVERSION = YES;
				CLANG_WARN_INT_CONVERSION = YES;
				CLANG_WARN_OBJC_ROOT_CLASS = YES_ERROR;
				CLANG_WARN_UNREACHABLE_CODE = YES;
				CLANG_WARN__DUPLICATE_METHOD_MATCH = YES;
				"CODE_SIGN_IDENTITY[sdk=iphoneos*]" = "iPhone Developer";
				COPY_PHASE_STRIP = NO;
				DEBUG_INFORMATION_FORMAT = "dwarf-with-dsym";
				ENABLE_STRICT_OBJC_MSGSEND = YES;
				GCC_C_LANGUAGE_STANDARD = gnu99;
				GCC_DYNAMIC_NO_PIC = NO;
				GCC_NO_COMMON_BLOCKS = YES;
				GCC_OPTIMIZATION_LEVEL = 0;
				GCC_PREPROCESSOR_DEFINITIONS = (
					"DEBUG=1",
					"$(inherited)",
				);
				GCC_SYMBOLS_PRIVATE_EXTERN = NO;
				GCC_WARN_64_TO_32_BIT_CONVERSION = YES;
				GCC_WARN_ABOUT_RETURN_TYPE = YES_ERROR;
				GCC_WARN_UNDECLARED_SELECTOR = YES;
				GCC_WARN_UNINITIALIZED_AUTOS = YES_AGGRESSIVE;
				GCC_WARN_UNUSED_FUNCTION = YES;
				GCC_WARN_UNUSED_VARIABLE = YES;
				IPHONEOS_DEPLOYMENT_TARGET = 8.3;
				MTL_ENABLE_DEBUG_INFO = YES;
				ONLY_ACTIVE_ARCH = YES;
				SDKROOT = iphoneos;
				SWIFT_OBJC_BRIDGING_HEADER = "$(SRCROOT)/Header.h";
				SWIFT_OPTIMIZATION_LEVEL = "-Onone";
				TARGETED_DEVICE_FAMILY = "1,2";
			};
			name = Debug;
		};
		7907BA201AF443870032DB0E /* Release */ = {
			isa = XCBuildConfiguration;
			buildSettings = {
				ALWAYS_SEARCH_USER_PATHS = NO;
				CLANG_CXX_LANGUAGE_STANDARD = "gnu++0x";
				CLANG_CXX_LIBRARY = "libc++";
				CLANG_ENABLE_MODULES = YES;
				CLANG_ENABLE_OBJC_ARC = YES;
				CLANG_WARN_BOOL_CONVERSION = YES;
				CLANG_WARN_CONSTANT_CONVERSION = YES;
				CLANG_WARN_DIRECT_OBJC_ISA_USAGE = YES_ERROR;
				CLANG_WARN_EMPTY_BODY = YES;
				CLANG_WARN_ENUM_CONVERSION = YES;
				CLANG_WARN_INT_CONVERSION = YES;
				CLANG_WARN_OBJC_ROOT_CLASS = YES_ERROR;
				CLANG_WARN_UNREACHABLE_CODE = YES;
				CLANG_WARN__DUPLICATE_METHOD_MATCH = YES;
				"CODE_SIGN_IDENTITY[sdk=iphoneos*]" = "iPhone Developer";
				COPY_PHASE_STRIP = NO;
				DEBUG_INFORMATION_FORMAT = "dwarf-with-dsym";
				ENABLE_NS_ASSERTIONS = NO;
				ENABLE_STRICT_OBJC_MSGSEND = YES;
				GCC_C_LANGUAGE_STANDARD = gnu99;
				GCC_NO_COMMON_BLOCKS = YES;
				GCC_WARN_64_TO_32_BIT_CONVERSION = YES;
				GCC_WARN_ABOUT_RETURN_TYPE = YES_ERROR;
				GCC_WARN_UNDECLARED_SELECTOR = YES;
				GCC_WARN_UNINITIALIZED_AUTOS = YES_AGGRESSIVE;
				GCC_WARN_UNUSED_FUNCTION = YES;
				GCC_WARN_UNUSED_VARIABLE = YES;
				IPHONEOS_DEPLOYMENT_TARGET = 8.3;
				MTL_ENABLE_DEBUG_INFO = NO;
				SDKROOT = iphoneos;
				SWIFT_OBJC_BRIDGING_HEADER = "$(SRCROOT)/Header.h";
				TARGETED_DEVICE_FAMILY = "1,2";
				VALIDATE_PRODUCT = YES;
			};
			name = Release;
		};
		7907BA221AF443870032DB0E /* Debug */ = {
			isa = XCBuildConfiguration;
			buildSettings = {
				ASSETCATALOG_COMPILER_APPICON_NAME = AppIcon;
				INFOPLIST_FILE = SampleAppSwift/Info.plist;
				LD_RUNPATH_SEARCH_PATHS = "$(inherited) @executable_path/Frameworks";
				LIBRARY_SEARCH_PATHS = (
					"$(inherited)",
					/Users/piyushjo/Downloads/mobileengagement/EngagementReach,
					/Users/piyushjo/Downloads/mobileengagement/EngagementSDK,
					"$(PROJECT_DIR)/EngagementReach",
					"$(PROJECT_DIR)/EngagementSDK",
				);
				PRODUCT_NAME = "$(TARGET_NAME)";
			};
			name = Debug;
		};
		7907BA231AF443870032DB0E /* Release */ = {
			isa = XCBuildConfiguration;
			buildSettings = {
				ASSETCATALOG_COMPILER_APPICON_NAME = AppIcon;
				INFOPLIST_FILE = SampleAppSwift/Info.plist;
				LD_RUNPATH_SEARCH_PATHS = "$(inherited) @executable_path/Frameworks";
				LIBRARY_SEARCH_PATHS = (
					"$(inherited)",
					/Users/piyushjo/Downloads/mobileengagement/EngagementReach,
					/Users/piyushjo/Downloads/mobileengagement/EngagementSDK,
					"$(PROJECT_DIR)/EngagementReach",
					"$(PROJECT_DIR)/EngagementSDK",
				);
				PRODUCT_NAME = "$(TARGET_NAME)";
			};
			name = Release;
		};
		7907BA251AF443870032DB0E /* Debug */ = {
			isa = XCBuildConfiguration;
			buildSettings = {
				BUNDLE_LOADER = "$(TEST_HOST)";
				FRAMEWORK_SEARCH_PATHS = (
					"$(SDKROOT)/Developer/Library/Frameworks",
					"$(inherited)",
				);
				GCC_PREPROCESSOR_DEFINITIONS = (
					"DEBUG=1",
					"$(inherited)",
				);
				INFOPLIST_FILE = SampleAppSwiftTests/Info.plist;
				LD_RUNPATH_SEARCH_PATHS = "$(inherited) @executable_path/Frameworks @loader_path/Frameworks";
				PRODUCT_NAME = "$(TARGET_NAME)";
				TEST_HOST = "$(BUILT_PRODUCTS_DIR)/SampleAppSwift.app/SampleAppSwift";
			};
			name = Debug;
		};
		7907BA261AF443870032DB0E /* Release */ = {
			isa = XCBuildConfiguration;
			buildSettings = {
				BUNDLE_LOADER = "$(TEST_HOST)";
				FRAMEWORK_SEARCH_PATHS = (
					"$(SDKROOT)/Developer/Library/Frameworks",
					"$(inherited)",
				);
				INFOPLIST_FILE = SampleAppSwiftTests/Info.plist;
				LD_RUNPATH_SEARCH_PATHS = "$(inherited) @executable_path/Frameworks @loader_path/Frameworks";
				PRODUCT_NAME = "$(TARGET_NAME)";
				TEST_HOST = "$(BUILT_PRODUCTS_DIR)/SampleAppSwift.app/SampleAppSwift";
			};
			name = Release;
		};
/* End XCBuildConfiguration section */

/* Begin XCConfigurationList section */
		7907B9FD1AF443870032DB0E /* Build configuration list for PBXProject "SampleAppSwift" */ = {
			isa = XCConfigurationList;
			buildConfigurations = (
				7907BA1F1AF443870032DB0E /* Debug */,
				7907BA201AF443870032DB0E /* Release */,
			);
			defaultConfigurationIsVisible = 0;
			defaultConfigurationName = Release;
		};
		7907BA211AF443870032DB0E /* Build configuration list for PBXNativeTarget "SampleAppSwift" */ = {
			isa = XCConfigurationList;
			buildConfigurations = (
				7907BA221AF443870032DB0E /* Debug */,
				7907BA231AF443870032DB0E /* Release */,
			);
			defaultConfigurationIsVisible = 0;
			defaultConfigurationName = Release;
		};
		7907BA241AF443870032DB0E /* Build configuration list for PBXNativeTarget "SampleAppSwiftTests" */ = {
			isa = XCConfigurationList;
			buildConfigurations = (
				7907BA251AF443870032DB0E /* Debug */,
				7907BA261AF443870032DB0E /* Release */,
			);
			defaultConfigurationIsVisible = 0;
			defaultConfigurationName = Release;
		};
/* End XCConfigurationList section */
	};
	rootObject = 7907B9FA1AF443870032DB0E /* Project object */;
}
